{
    "_meta": {
        "hash": {
            "sha256": "03b69a599f39e1376b2b710f54065eae4e7451446ac533983342f83f20473868"
        },
        "pipfile-spec": 6,
        "requires": {
            "python_version": "3.9"
        },
        "sources": [
            {
                "name": "pypi",
                "url": "https://pypi.org/simple",
                "verify_ssl": true
            }
        ]
    },
    "default": {
        "aiohttp": {
            "hashes": [
                "sha256:119feb2bd551e58d83d1b38bfa4cb921af8ddedec9fad7183132db334c3133e0",
                "sha256:16d0683ef8a6d803207f02b899c928223eb219111bd52420ef3d7a8aa76227b6",
                "sha256:2eb3efe243e0f4ecbb654b08444ae6ffab37ac0ef8f69d3a2ffb958905379daf",
                "sha256:2ffea7904e70350da429568113ae422c88d2234ae776519549513c8f217f58a9",
                "sha256:40bd1b101b71a18a528ffce812cc14ff77d4a2a1272dfb8b11b200967489ef3e",
                "sha256:418597633b5cd9639e514b1d748f358832c08cd5d9ef0870026535bd5eaefdd0",
                "sha256:481d4b96969fbfdcc3ff35eea5305d8565a8300410d3d269ccac69e7256b1329",
                "sha256:4c1bdbfdd231a20eee3e56bd0ac1cd88c4ff41b64ab679ed65b75c9c74b6c5c2",
                "sha256:5563ad7fde451b1986d42b9bb9140e2599ecf4f8e42241f6da0d3d624b776f40",
                "sha256:58c62152c4c8731a3152e7e650b29ace18304d086cb5552d317a54ff2749d32a",
                "sha256:5b50e0b9460100fe05d7472264d1975f21ac007b35dcd6fd50279b72925a27f4",
                "sha256:5d84ecc73141d0a0d61ece0742bb7ff5751b0657dab8405f899d3ceb104cc7de",
                "sha256:5dde6d24bacac480be03f4f864e9a67faac5032e28841b00533cd168ab39cad9",
                "sha256:5e91e927003d1ed9283dee9abcb989334fc8e72cf89ebe94dc3e07e3ff0b11e9",
                "sha256:62bc216eafac3204877241569209d9ba6226185aa6d561c19159f2e1cbb6abfb",
                "sha256:6c8200abc9dc5f27203986100579fc19ccad7a832c07d2bc151ce4ff17190076",
                "sha256:6ca56bdfaf825f4439e9e3673775e1032d8b6ea63b8953d3812c71bd6a8b81de",
                "sha256:71680321a8a7176a58dfbc230789790639db78dad61a6e120b39f314f43f1907",
                "sha256:7c7820099e8b3171e54e7eedc33e9450afe7cd08172632d32128bd527f8cb77d",
                "sha256:7dbd087ff2f4046b9b37ba28ed73f15fd0bc9f4fdc8ef6781913da7f808d9536",
                "sha256:822bd4fd21abaa7b28d65fc9871ecabaddc42767884a626317ef5b75c20e8a2d",
                "sha256:8ec1a38074f68d66ccb467ed9a673a726bb397142c273f90d4ba954666e87d54",
                "sha256:950b7ef08b2afdab2488ee2edaff92a03ca500a48f1e1aaa5900e73d6cf992bc",
                "sha256:99c5a5bf7135607959441b7d720d96c8e5c46a1f96e9d6d4c9498be8d5f24212",
                "sha256:b84ad94868e1e6a5e30d30ec419956042815dfaea1b1df1cef623e4564c374d9",
                "sha256:bc3d14bf71a3fb94e5acf5bbf67331ab335467129af6416a437bd6024e4f743d",
                "sha256:c2a80fd9a8d7e41b4e38ea9fe149deed0d6aaede255c497e66b8213274d6d61b",
                "sha256:c44d3c82a933c6cbc21039326767e778eface44fca55c65719921c4b9661a3f7",
                "sha256:cc31e906be1cc121ee201adbdf844522ea3349600dd0a40366611ca18cd40e81",
                "sha256:d5d102e945ecca93bcd9801a7bb2fa703e37ad188a2f81b1e65e4abe4b51b00c",
                "sha256:dd7936f2a6daa861143e376b3a1fb56e9b802f4980923594edd9ca5670974895",
                "sha256:dee68ec462ff10c1d836c0ea2642116aba6151c6880b688e56b4c0246770f297",
                "sha256:e76e78863a4eaec3aee5722d85d04dcbd9844bc6cd3bfa6aa880ff46ad16bfcb",
                "sha256:eab51036cac2da8a50d7ff0ea30be47750547c9aa1aa2cf1a1b710a1827e7dbe",
                "sha256:f4496d8d04da2e98cc9133e238ccebf6a13ef39a93da2e87146c8c8ac9768242",
                "sha256:fbd3b5e18d34683decc00d9a360179ac1e7a320a5fee10ab8053ffd6deab76e0",
                "sha256:feb24ff1226beeb056e247cf2e24bba5232519efb5645121c4aea5b6ad74c1f2"
            ],
            "index": "pypi",
            "version": "==3.7.4"
        },
        "asttokens": {
            "hashes": [
                "sha256:4622110b2a6f30b77e1473affaa97e711bc2f07d3f10848420ff1898edbe94f3",
                "sha256:6b0ac9e93fb0335014d382b8fa9b3afa7df546984258005da0b9e7095b3deb1c"
            ],
            "version": "==2.2.1"
        },
        "async-timeout": {
            "hashes": [
                "sha256:0c3c816a028d47f659d6ff5c745cb2acf1f966da1fe5c19c77a70282b25f4c5f",
                "sha256:4291ca197d287d274d0b6cb5d6f8f8f82d434ed288f962539ff18cc9012f9ea3"
            ],
            "markers": "python_full_version >= '3.5.3'",
            "version": "==3.0.1"
        },
        "attrs": {
            "hashes": [
                "sha256:1f28b4522cdc2fb4256ac1a020c78acf9cba2c6b461ccd2c126f3aa8e8335d04",
                "sha256:6279836d581513a26f1bf235f9acd333bc9115683f14f7e8fae46c98fc50e015"
            ],
            "markers": "python_version >= '3.7'",
            "version": "==23.1.0"
        },
        "backcall": {
            "hashes": [
                "sha256:5cbdbf27be5e7cfadb448baf0aa95508f91f2bbc6c6437cd9cd06e2a4c215e1e",
                "sha256:fbbce6a29f263178a1f7915c1940bde0ec2b2a967566fe1c65c1dfb7422bd255"
            ],
            "version": "==0.2.0"
        },
        "chardet": {
            "hashes": [
                "sha256:84ab92ed1c4d4f16916e05906b6b75a6c0fb5db821cc65e70cbd64a3e2a5eaae",
                "sha256:fc323ffcaeaed0e0a02bf4d117757b98aed530d9ed4531e3e15460124c106691"
            ],
            "version": "==3.0.4"
        },
        "decorator": {
            "hashes": [
                "sha256:637996211036b6385ef91435e4fae22989472f9d571faba8927ba8253acbc330",
                "sha256:b8c3f85900b9dc423225913c5aace94729fe1fa9763b38939a95226f02d37186"
            ],
            "markers": "python_version >= '3.5'",
            "version": "==5.1.1"
        },
        "executing": {
            "hashes": [
                "sha256:0314a69e37426e3608aada02473b4161d4caf5a4b244d1d0c48072b8fee7bacc",
                "sha256:19da64c18d2d851112f09c287f8d3dbbdf725ab0e569077efb6cdcbd3497c107"
            ],
            "version": "==1.2.0"
        },
        "fingerprint": {
            "hashes": [
                "sha256:25926c4a4f53289ff0b26a50266749a5526e962cc7fbc807fc48cd5fd3b8f355"
            ],
            "index": "pypi",
            "version": "==0.1.6"
        },
        "idna": {
            "hashes": [
                "sha256:814f528e8dead7d329833b91c5faa87d60bf71824cd12a7530b5526063d02cb4",
                "sha256:90b77e79eaa3eba6de819a0c442c0b4ceefc341a7a2ab77d7562bf49f425c5c2"
            ],
            "markers": "python_version >= '3.5'",
            "version": "==3.4"
        },
        "importlib-metadata": {
            "hashes": [
                "sha256:43dd286a2cd8995d5eaef7fee2066340423b818ed3fd70adf0bad5f1fac53fed",
                "sha256:92501cdf9cc66ebd3e612f1b4f0c0765dfa42f0fa38ffb319b6bd84dd675d705"
            ],
            "markers": "python_version < '3.10'",
            "version": "==6.6.0"
        },
        "ipykernel": {
            "hashes": [
                "sha256:63b4b96c513e1138874934e3e783a8e5e13c02b9036e37107bfe042ac8955005",
                "sha256:e20ceb7e52cb4d250452e1230be76e0b2323f33bd46c6b2bc7abb6601740e182"
            ],
            "index": "pypi",
            "version": "==5.4.2"
        },
        "ipython": {
            "hashes": [
                "sha256:7dff3fad32b97f6488e02f87b970f309d082f758d7b7fc252e3b19ee0e432dbb",
                "sha256:ffca270240fbd21b06b2974e14a86494d6d29290184e788275f55e0b55914926"
            ],
            "markers": "python_version >= '3.9'",
            "version": "==8.13.2"
        },
        "jedi": {
            "hashes": [
                "sha256:203c1fd9d969ab8f2119ec0a3342e0b49910045abe6af0a3ae83a5764d54639e",
                "sha256:bae794c30d07f6d910d32a7048af09b5a39ed740918da923c6b780790ebac612"
            ],
            "markers": "python_version >= '3.6'",
            "version": "==0.18.2"
        },
        "jupyter-client": {
            "hashes": [
                "sha256:9fe233834edd0e6c0aa5f05ca2ab4bdea1842bfd2d8a932878212fc5301ddaf0",
                "sha256:b18219aa695d39e2ad570533e0d71fb7881d35a873051054a84ee2a17c4b7389"
            ],
            "markers": "python_version >= '3.8'",
            "version": "==8.2.0"
        },
        "jupyter-core": {
            "hashes": [
                "sha256:6db75be0c83edbf1b7c9f91ec266a9a24ef945da630f3120e1a0046dc13713fc",
                "sha256:d4201af84559bc8c70cead287e1ab94aeef3c512848dde077b7684b54d67730d"
            ],
            "markers": "python_version >= '3.8'",
            "version": "==5.3.0"
        },
        "matplotlib-inline": {
            "hashes": [
                "sha256:f1f41aab5328aa5aaea9b16d083b128102f8712542f819fe7e6a420ff581b311",
                "sha256:f887e5f10ba98e8d2b150ddcf4702c1e5f8b3a20005eb0f74bfdbd360ee6f304"
            ],
            "markers": "python_version >= '3.5'",
            "version": "==0.1.6"
        },
        "multidict": {
            "hashes": [
                "sha256:01a3a55bd90018c9c080fbb0b9f4891db37d148a0a18722b42f94694f8b6d4c9",
                "sha256:0b1a97283e0c85772d613878028fec909f003993e1007eafa715b24b377cb9b8",
                "sha256:0dfad7a5a1e39c53ed00d2dd0c2e36aed4650936dc18fd9a1826a5ae1cad6f03",
                "sha256:11bdf3f5e1518b24530b8241529d2050014c884cf18b6fc69c0c2b30ca248710",
                "sha256:1502e24330eb681bdaa3eb70d6358e818e8e8f908a22a1851dfd4e15bc2f8161",
                "sha256:16ab77bbeb596e14212e7bab8429f24c1579234a3a462105cda4a66904998664",
                "sha256:16d232d4e5396c2efbbf4f6d4df89bfa905eb0d4dc5b3549d872ab898451f569",
                "sha256:21a12c4eb6ddc9952c415f24eef97e3e55ba3af61f67c7bc388dcdec1404a067",
                "sha256:27c523fbfbdfd19c6867af7346332b62b586eed663887392cff78d614f9ec313",
                "sha256:281af09f488903fde97923c7744bb001a9b23b039a909460d0f14edc7bf59706",
                "sha256:33029f5734336aa0d4c0384525da0387ef89148dc7191aae00ca5fb23d7aafc2",
                "sha256:3601a3cece3819534b11d4efc1eb76047488fddd0c85a3948099d5da4d504636",
                "sha256:3666906492efb76453c0e7b97f2cf459b0682e7402c0489a95484965dbc1da49",
                "sha256:36c63aaa167f6c6b04ef2c85704e93af16c11d20de1d133e39de6a0e84582a93",
                "sha256:39ff62e7d0f26c248b15e364517a72932a611a9b75f35b45be078d81bdb86603",
                "sha256:43644e38f42e3af682690876cff722d301ac585c5b9e1eacc013b7a3f7b696a0",
                "sha256:4372381634485bec7e46718edc71528024fcdc6f835baefe517b34a33c731d60",
                "sha256:458f37be2d9e4c95e2d8866a851663cbc76e865b78395090786f6cd9b3bbf4f4",
                "sha256:45e1ecb0379bfaab5eef059f50115b54571acfbe422a14f668fc8c27ba410e7e",
                "sha256:4b9d9e4e2b37daddb5c23ea33a3417901fa7c7b3dee2d855f63ee67a0b21e5b1",
                "sha256:4ceef517eca3e03c1cceb22030a3e39cb399ac86bff4e426d4fc6ae49052cc60",
                "sha256:4d1a3d7ef5e96b1c9e92f973e43aa5e5b96c659c9bc3124acbbd81b0b9c8a951",
                "sha256:4dcbb0906e38440fa3e325df2359ac6cb043df8e58c965bb45f4e406ecb162cc",
                "sha256:509eac6cf09c794aa27bcacfd4d62c885cce62bef7b2c3e8b2e49d365b5003fe",
                "sha256:52509b5be062d9eafc8170e53026fbc54cf3b32759a23d07fd935fb04fc22d95",
                "sha256:52f2dffc8acaba9a2f27174c41c9e57f60b907bb9f096b36b1a1f3be71c6284d",
                "sha256:574b7eae1ab267e5f8285f0fe881f17efe4b98c39a40858247720935b893bba8",
                "sha256:5979b5632c3e3534e42ca6ff856bb24b2e3071b37861c2c727ce220d80eee9ed",
                "sha256:59d43b61c59d82f2effb39a93c48b845efe23a3852d201ed2d24ba830d0b4cf2",
                "sha256:5a4dcf02b908c3b8b17a45fb0f15b695bf117a67b76b7ad18b73cf8e92608775",
                "sha256:5cad9430ab3e2e4fa4a2ef4450f548768400a2ac635841bc2a56a2052cdbeb87",
                "sha256:5fc1b16f586f049820c5c5b17bb4ee7583092fa0d1c4e28b5239181ff9532e0c",
                "sha256:62501642008a8b9871ddfccbf83e4222cf8ac0d5aeedf73da36153ef2ec222d2",
                "sha256:64bdf1086b6043bf519869678f5f2757f473dee970d7abf6da91ec00acb9cb98",
                "sha256:64da238a09d6039e3bd39bb3aee9c21a5e34f28bfa5aa22518581f910ff94af3",
                "sha256:666daae833559deb2d609afa4490b85830ab0dfca811a98b70a205621a6109fe",
                "sha256:67040058f37a2a51ed8ea8f6b0e6ee5bd78ca67f169ce6122f3e2ec80dfe9b78",
                "sha256:6748717bb10339c4760c1e63da040f5f29f5ed6e59d76daee30305894069a660",
                "sha256:6b181d8c23da913d4ff585afd1155a0e1194c0b50c54fcfe286f70cdaf2b7176",
                "sha256:6ed5f161328b7df384d71b07317f4d8656434e34591f20552c7bcef27b0ab88e",
                "sha256:7582a1d1030e15422262de9f58711774e02fa80df0d1578995c76214f6954988",
                "sha256:7d18748f2d30f94f498e852c67d61261c643b349b9d2a581131725595c45ec6c",
                "sha256:7d6ae9d593ef8641544d6263c7fa6408cc90370c8cb2bbb65f8d43e5b0351d9c",
                "sha256:81a4f0b34bd92df3da93315c6a59034df95866014ac08535fc819f043bfd51f0",
                "sha256:8316a77808c501004802f9beebde51c9f857054a0c871bd6da8280e718444449",
                "sha256:853888594621e6604c978ce2a0444a1e6e70c8d253ab65ba11657659dcc9100f",
                "sha256:99b76c052e9f1bc0721f7541e5e8c05db3941eb9ebe7b8553c625ef88d6eefde",
                "sha256:a2e4369eb3d47d2034032a26c7a80fcb21a2cb22e1173d761a162f11e562caa5",
                "sha256:ab55edc2e84460694295f401215f4a58597f8f7c9466faec545093045476327d",
                "sha256:af048912e045a2dc732847d33821a9d84ba553f5c5f028adbd364dd4765092ac",
                "sha256:b1a2eeedcead3a41694130495593a559a668f382eee0727352b9a41e1c45759a",
                "sha256:b1e8b901e607795ec06c9e42530788c45ac21ef3aaa11dbd0c69de543bfb79a9",
                "sha256:b41156839806aecb3641f3208c0dafd3ac7775b9c4c422d82ee2a45c34ba81ca",
                "sha256:b692f419760c0e65d060959df05f2a531945af31fda0c8a3b3195d4efd06de11",
                "sha256:bc779e9e6f7fda81b3f9aa58e3a6091d49ad528b11ed19f6621408806204ad35",
                "sha256:bf6774e60d67a9efe02b3616fee22441d86fab4c6d335f9d2051d19d90a40063",
                "sha256:c048099e4c9e9d615545e2001d3d8a4380bd403e1a0578734e0d31703d1b0c0b",
                "sha256:c5cb09abb18c1ea940fb99360ea0396f34d46566f157122c92dfa069d3e0e982",
                "sha256:cc8e1d0c705233c5dd0c5e6460fbad7827d5d36f310a0fadfd45cc3029762258",
                "sha256:d5e3fc56f88cc98ef8139255cf8cd63eb2c586531e43310ff859d6bb3a6b51f1",
                "sha256:d6aa0418fcc838522256761b3415822626f866758ee0bc6632c9486b179d0b52",
                "sha256:d6c254ba6e45d8e72739281ebc46ea5eb5f101234f3ce171f0e9f5cc86991480",
                "sha256:d6d635d5209b82a3492508cf5b365f3446afb65ae7ebd755e70e18f287b0adf7",
                "sha256:dcfe792765fab89c365123c81046ad4103fcabbc4f56d1c1997e6715e8015461",
                "sha256:ddd3915998d93fbcd2566ddf9cf62cdb35c9e093075f862935573d265cf8f65d",
                "sha256:ddff9c4e225a63a5afab9dd15590432c22e8057e1a9a13d28ed128ecf047bbdc",
                "sha256:e41b7e2b59679edfa309e8db64fdf22399eec4b0b24694e1b2104fb789207779",
                "sha256:e69924bfcdda39b722ef4d9aa762b2dd38e4632b3641b1d9a57ca9cd18f2f83a",
                "sha256:ea20853c6dbbb53ed34cb4d080382169b6f4554d394015f1bef35e881bf83547",
                "sha256:ee2a1ece51b9b9e7752e742cfb661d2a29e7bcdba2d27e66e28a99f1890e4fa0",
                "sha256:eeb6dcc05e911516ae3d1f207d4b0520d07f54484c49dfc294d6e7d63b734171",
                "sha256:f70b98cd94886b49d91170ef23ec5c0e8ebb6f242d734ed7ed677b24d50c82cf",
                "sha256:fc35cb4676846ef752816d5be2193a1e8367b4c1397b74a565a9d0389c433a1d",
                "sha256:ff959bee35038c4624250473988b24f846cbeb2c6639de3602c073f10410ceba"
            ],
            "markers": "python_version >= '3.7'",
            "version": "==6.0.4"
        },
        "numpy": {
            "hashes": [
                "sha256:0ec87a7084caa559c36e0a2309e4ecb1baa03b687201d0a847c8b0ed476a7187",
                "sha256:1a7d6acc2e7524c9955e5c903160aa4ea083736fde7e91276b0e5d98e6332812",
                "sha256:202de8f38fc4a45a3eea4b63e2f376e5f2dc64ef0fa692838e31a808520efaf7",
                "sha256:210461d87fb02a84ef243cac5e814aad2b7f4be953b32cb53327bb49fd77fbb4",
                "sha256:2d926b52ba1367f9acb76b0df6ed21f0b16a1ad87c6720a1121674e5cf63e2b6",
                "sha256:352ee00c7f8387b44d19f4cada524586f07379c0d49270f87233983bc5087ca0",
                "sha256:35400e6a8d102fd07c71ed7dcadd9eb62ee9a6e84ec159bd48c28235bbb0f8e4",
                "sha256:3c1104d3c036fb81ab923f507536daedc718d0ad5a8707c6061cdfd6d184e570",
                "sha256:4719d5aefb5189f50887773699eaf94e7d1e02bf36c1a9d353d9f46703758ca4",
                "sha256:4749e053a29364d3452c034827102ee100986903263e89884922ef01a0a6fd2f",
                "sha256:5342cf6aad47943286afa6f1609cad9b4266a05e7f2ec408e2cf7aea7ff69d80",
                "sha256:56e48aec79ae238f6e4395886b5eaed058abb7231fb3361ddd7bfdf4eed54289",
                "sha256:76e3f4e85fc5d4fd311f6e9b794d0c00e7002ec122be271f2019d63376f1d385",
                "sha256:7776ea65423ca6a15255ba1872d82d207bd1e09f6d0894ee4a64678dd2204078",
                "sha256:784c6da1a07818491b0ffd63c6bbe5a33deaa0e25a20e1b3ea20cf0e43f8046c",
                "sha256:8535303847b89aa6b0f00aa1dc62867b5a32923e4d1681a35b5eef2d9591a463",
                "sha256:9a7721ec204d3a237225db3e194c25268faf92e19338a35f3a224469cb6039a3",
                "sha256:a1d3c026f57ceaad42f8231305d4653d5f05dc6332a730ae5c0bea3513de0950",
                "sha256:ab344f1bf21f140adab8e47fdbc7c35a477dc01408791f8ba00d018dd0bc5155",
                "sha256:ab5f23af8c16022663a652d3b25dcdc272ac3f83c3af4c02eb8b824e6b3ab9d7",
                "sha256:ae8d0be48d1b6ed82588934aaaa179875e7dc4f3d84da18d7eae6eb3f06c242c",
                "sha256:c91c4afd8abc3908e00a44b2672718905b8611503f7ff87390cc0ac3423fb096",
                "sha256:d5036197ecae68d7f491fcdb4df90082b0d4960ca6599ba2659957aafced7c17",
                "sha256:d6cc757de514c00b24ae8cf5c876af2a7c3df189028d68c0cb4eaa9cd5afc2bf",
                "sha256:d933fabd8f6a319e8530d0de4fcc2e6a61917e0b0c271fded460032db42a0fe4",
                "sha256:ea8282b9bcfe2b5e7d491d0bf7f3e2da29700cec05b49e64d6246923329f2b02",
                "sha256:ecde0f8adef7dfdec993fd54b0f78183051b6580f606111a6d789cd14c61ea0c",
                "sha256:f21c442fdd2805e91799fbe044a7b999b8571bb0ab0f7850d0cb9641a687092b"
            ],
            "markers": "python_version >= '3.8'",
            "version": "==1.24.3"
        },
        "pandas": {
            "hashes": [
                "sha256:0be6102dd99910513e75ed6536284743ead810349c51bdeadd2a5b6649f30abb",
                "sha256:272675a98fa4954b9fc0933df775596fc942e50015d7e75d8f19548808a2bfdf",
                "sha256:2d8b4f532db37418121831a461fd107d826c240b098f52e7a1b4ab3d5aaa4fb2",
                "sha256:33318fa24b192b1a4684347ff76679a7267fd4e547da9f71556a5914f0dc10e7",
                "sha256:3bc6d2be03cb75981d8cbeda09503cd9d6d699fc0dc28a65e197165ad527b7b8",
                "sha256:43482789c55cbabeed9482263cfc98a11e8fcae900cb63ef038948acb4a72570",
                "sha256:616478c1bd8fe1e600f521ae2da434e021c11e7a4e5da3451d02906143d3629a",
                "sha256:6c1a57e4d0d6f9633a07817c44e6b36d81c265fe4c52d0c0505513a2d0f7953c",
                "sha256:7904ee438549b5223ce8dc008772458dd7c5cf0ccc64cf903e81202400702235",
                "sha256:7b54c14130a3448d81eed1348f52429c23e27188d9db6e6d4afeae792bc49c11",
                "sha256:8f92b07cdbfa3704d85b4264e52c216cafe6c0059b0d07cdad8cb29e0b90f2b8",
                "sha256:91fd0b94e7b98528177a05e6f65efea79d7ef9dec15ee48c7c69fc39fdd87235",
                "sha256:9c6692cea6d56da8650847172bdb148622f545e7782d17995822434c79d7a211",
                "sha256:9e18631d996fe131de6cb31a8bdae18965cc8f39eb23fdfbbf42808ecc63dabf",
                "sha256:cba93d4fd3b0a42858b2b599495aff793fb5d94587979f45a14177d1217ba446",
                "sha256:e03386615b970b8b41da6a68afe717626741bb2431cec993640685614c0680e4",
                "sha256:f8b87d2f541cd9bc4ecfe85a561abac85c33fe4de4ce70cca36b2768af2611f5"
            ],
            "index": "pypi",
            "version": "==1.2.0"
        },
        "parso": {
            "hashes": [
                "sha256:8c07be290bb59f03588915921e29e8a50002acaf2cdc5fa0e0114f91709fafa0",
                "sha256:c001d4636cd3aecdaf33cbb40aebb59b094be2a74c556778ef5576c175e19e75"
            ],
            "markers": "python_version >= '3.6'",
            "version": "==0.8.3"
        },
        "pexpect": {
            "hashes": [
                "sha256:0b48a55dcb3c05f3329815901ea4fc1537514d6ba867a152b581d69ae3710937",
                "sha256:fc65a43959d153d0114afe13997d439c22823a27cefceb5ff35c2178c6784c0c"
            ],
            "markers": "sys_platform != 'win32'",
            "version": "==4.8.0"
        },
        "pickleshare": {
            "hashes": [
                "sha256:87683d47965c1da65cdacaf31c8441d12b8044cdec9aca500cd78fc2c683afca",
                "sha256:9649af414d74d4df115d5d718f82acb59c9d418196b7b4290ed47a12ce62df56"
            ],
            "version": "==0.7.5"
        },
        "platformdirs": {
            "hashes": [
                "sha256:412dae91f52a6f84830f39a8078cecd0e866cb72294a5c66808e74d5e88d251f",
                "sha256:e2378146f1964972c03c085bb5662ae80b2b8c06226c54b2ff4aa9483e8a13a5"
            ],
            "markers": "python_version >= '3.7'",
            "version": "==3.5.1"
        },
        "prompt-toolkit": {
            "hashes": [
                "sha256:23ac5d50538a9a38c8bde05fecb47d0b403ecd0662857a86f886f798563d5b9b",
                "sha256:45ea77a2f7c60418850331366c81cf6b5b9cf4c7fd34616f733c5427e6abbb1f"
            ],
            "markers": "python_version >= '3.7'",
            "version": "==3.0.38"
        },
        "ptyprocess": {
            "hashes": [
                "sha256:4b41f3967fce3af57cc7e94b888626c18bf37a083e3651ca8feeb66d492fef35",
                "sha256:5c5d0a3b48ceee0b48485e0c26037c0acd7d29765ca3fbb5cb3831d347423220"
            ],
            "version": "==0.7.0"
        },
        "pure-eval": {
            "hashes": [
                "sha256:01eaab343580944bc56080ebe0a674b39ec44a945e6d09ba7db3cb8cec289350",
                "sha256:2b45320af6dfaa1750f543d714b6d1c520a1688dec6fd24d339063ce0aaa9ac3"
            ],
            "version": "==0.2.2"
        },
        "pygments": {
            "hashes": [
                "sha256:8ace4d3c1dd481894b2005f560ead0f9f19ee64fe983366be1a21e171d12775c",
                "sha256:db2db3deb4b4179f399a09054b023b6a586b76499d36965813c71aa8ed7b5fd1"
            ],
            "markers": "python_version >= '3.7'",
            "version": "==2.15.1"
        },
        "python-dateutil": {
            "hashes": [
                "sha256:0123cacc1627ae19ddf3c27a5de5bd67ee4586fbdd6440d9748f8abb483d3e86",
                "sha256:961d03dc3453ebbc59dbdea9e4e11c5651520a876d0f4db161e8674aae935da9"
            ],
            "markers": "python_version >= '2.7' and python_version not in '3.0, 3.1, 3.2, 3.3'",
            "version": "==2.8.2"
        },
        "pytz": {
            "hashes": [
                "sha256:1d8ce29db189191fb55338ee6d0387d82ab59f3d00eac103412d64e0ebd0c588",
                "sha256:a151b3abb88eda1d4e34a9814df37de2a80e301e68ba0fd856fb9b46bfbbbffb"
            ],
            "version": "==2023.3"
        },
        "pyzmq": {
            "hashes": [
                "sha256:032f5c8483c85bf9c9ca0593a11c7c749d734ce68d435e38c3f72e759b98b3c9",
                "sha256:08bfcc21b5997a9be4fefa405341320d8e7f19b4d684fb9c0580255c5bd6d695",
                "sha256:1a843d26a8da1b752c74bc019c7b20e6791ee813cd6877449e6a1415589d22ff",
                "sha256:1f124cb73f1aa6654d31b183810febc8505fd0c597afa127c4f40076be4574e0",
                "sha256:1f82906a2d8e4ee310f30487b165e7cc8ed09c009e4502da67178b03083c4ce0",
                "sha256:21ec0bf4831988af43c8d66ba3ccd81af2c5e793e1bf6790eb2d50e27b3c570a",
                "sha256:24683285cc6b7bf18ad37d75b9db0e0fefe58404e7001f1d82bf9e721806daa7",
                "sha256:24abbfdbb75ac5039205e72d6c75f10fc39d925f2df8ff21ebc74179488ebfca",
                "sha256:25e6873a70ad5aa31e4a7c41e5e8c709296edef4a92313e1cd5fc87bbd1874e2",
                "sha256:269968f2a76c0513490aeb3ba0dc3c77b7c7a11daa894f9d1da88d4a0db09835",
                "sha256:26b0358e8933990502f4513c991c9935b6c06af01787a36d133b7c39b1df37fa",
                "sha256:28fdb9224a258134784a9cf009b59265a9dde79582fb750d4e88a6bcbc6fa3dc",
                "sha256:2b9c9cc965cdf28381e36da525dcb89fc1571d9c54800fdcd73e3f73a2fc29bd",
                "sha256:2da6813b7995b6b1d1307329c73d3e3be2fd2d78e19acfc4eff2e27262732388",
                "sha256:3059a6a534c910e1d5d068df42f60d434f79e6cc6285aa469b384fa921f78cf8",
                "sha256:312b3f0f066b4f1d17383aae509bacf833ccaf591184a1f3c7a1661c085063ae",
                "sha256:34a6fddd159ff38aa9497b2e342a559f142ab365576284bc8f77cb3ead1f79c5",
                "sha256:374b55516393bfd4d7a7daa6c3b36d6dd6a31ff9d2adad0838cd6a203125e714",
                "sha256:38d9f78d69bcdeec0c11e0feb3bc70f36f9b8c44fc06e5d06d91dc0a21b453c7",
                "sha256:4a31992a8f8d51663ebf79df0df6a04ffb905063083d682d4380ab8d2c67257c",
                "sha256:4a4b4261eb8f9ed71f63b9eb0198dd7c934aa3b3972dac586d0ef502ba9ab08b",
                "sha256:510d8e55b3a7cd13f8d3e9121edf0a8730b87d925d25298bace29a7e7bc82810",
                "sha256:531e36d9fcd66f18de27434a25b51d137eb546931033f392e85674c7a7cea853",
                "sha256:54a96cf77684a3a537b76acfa7237b1e79a8f8d14e7f00e0171a94b346c5293e",
                "sha256:56a94ab1d12af982b55ca96c6853db6ac85505e820d9458ac76364c1998972f4",
                "sha256:5c5fbb229e40a89a2fe73d0c1181916f31e30f253cb2d6d91bea7927c2e18413",
                "sha256:5d496815074e3e3d183fe2c7fcea2109ad67b74084c254481f87b64e04e9a471",
                "sha256:5eaeae038c68748082137d6896d5c4db7927e9349237ded08ee1bbd94f7361c9",
                "sha256:62ec8d979f56c0053a92b2b6a10ff54b9ec8a4f187db2b6ec31ee3dd6d3ca6e2",
                "sha256:64812f29d6eee565e129ca14b0c785744bfff679a4727137484101b34602d1a7",
                "sha256:6526d097b75192f228c09d48420854d53dfbc7abbb41b0e26f363ccb26fbc177",
                "sha256:659e62e1cbb063151c52f5b01a38e1df6b54feccfa3e2509d44c35ca6d7962ee",
                "sha256:65c19a63b4a83ae45d62178b70223adeee5f12f3032726b897431b6553aa25af",
                "sha256:67da1c213fbd208906ab3470cfff1ee0048838365135a9bddc7b40b11e6d6c89",
                "sha256:6a821a506822fac55d2df2085a52530f68ab15ceed12d63539adc32bd4410f6e",
                "sha256:6a979e59d2184a0c8f2ede4b0810cbdd86b64d99d9cc8a023929e40dce7c86cc",
                "sha256:6b8c1bbb70e868dc88801aa532cae6bd4e3b5233784692b786f17ad2962e5149",
                "sha256:6fadc60970714d86eff27821f8fb01f8328dd36bebd496b0564a500fe4a9e354",
                "sha256:715cff7644a80a7795953c11b067a75f16eb9fc695a5a53316891ebee7f3c9d5",
                "sha256:77942243ff4d14d90c11b2afd8ee6c039b45a0be4e53fb6fa7f5e4fd0b59da39",
                "sha256:7b504ae43d37e282301da586529e2ded8b36d4ee2cd5e6db4386724ddeaa6bbc",
                "sha256:827bf60e749e78acb408a6c5af6688efbc9993e44ecc792b036ec2f4b4acf485",
                "sha256:8280ada89010735a12b968ec3ea9a468ac2e04fddcc1cede59cb7f5178783b9c",
                "sha256:83d822e8687621bed87404afc1c03d83fa2ce39733d54c2fd52d8829edb8a7ff",
                "sha256:8560756318ec7c4c49d2c341012167e704b5a46d9034905853c3d1ade4f55bee",
                "sha256:85762712b74c7bd18e340c3639d1bf2f23735a998d63f46bb6584d904b5e401d",
                "sha256:88649b19ede1cab03b96b66c364cbbf17c953615cdbc844f7f6e5f14c5e5261c",
                "sha256:9a2e5fe42dfe6b73ca120b97ac9f34bfa8414feb15e00e37415dbd51cf227ef6",
                "sha256:9af0bb0277e92f41af35e991c242c9c71920169d6aa53ade7e444f338f4c8128",
                "sha256:9bdc40efb679b9dcc39c06d25629e55581e4c4f7870a5e88db4f1c51ce25e20d",
                "sha256:9e1d2f2d86fc75ed7f8845a992c5f6f1ab5db99747fb0d78b5e4046d041164d2",
                "sha256:a2e92ff20ad5d13266bc999a29ed29a3b5b101c21fdf4b2cf420c09db9fb690e",
                "sha256:a35960c8b2f63e4ef67fd6731851030df68e4b617a6715dd11b4b10312d19fef",
                "sha256:a6f6ae12478fdc26a6d5fdb21f806b08fa5403cd02fd312e4cb5f72df078f96f",
                "sha256:a9b5eeb5278a8a636bb0abdd9ff5076bcbb836cd2302565df53ff1fa7d106d54",
                "sha256:ab046e9cb902d1f62c9cc0eca055b1d11108bdc271caf7c2171487298f229b56",
                "sha256:ab2c056ac503f25a63f6c8c6771373e2a711b98b304614151dfb552d3d6c81f6",
                "sha256:abbce982a17c88d2312ec2cf7673985d444f1beaac6e8189424e0a0e0448dbb3",
                "sha256:ac178e666c097c8d3deb5097b58cd1316092fc43e8ef5b5fdb259b51da7e7315",
                "sha256:ad761cfbe477236802a7ab2c080d268c95e784fe30cafa7e055aacd1ca877eb0",
                "sha256:affec1470351178e892121b3414c8ef7803269f207bf9bef85f9a6dd11cde264",
                "sha256:b164cc3c8acb3d102e311f2eb6f3c305865ecb377e56adc015cb51f721f1dda6",
                "sha256:b48616a09d7df9dbae2f45a0256eee7b794b903ddc6d8657a9948669b345f220",
                "sha256:b491998ef886662c1f3d49ea2198055a9a536ddf7430b051b21054f2a5831800",
                "sha256:b733076ff46e7db5504c5e7284f04a9852c63214c74688bdb6135808531755a3",
                "sha256:c8fedc3ccd62c6b77dfe6f43802057a803a411ee96f14e946f4a76ec4ed0e117",
                "sha256:cb1f69a0a2a2b1aae8412979dd6293cc6bcddd4439bf07e4758d864ddb112354",
                "sha256:cca8524b61c0eaaa3505382dc9b9a3bc8165f1d6c010fdd1452c224225a26689",
                "sha256:cfb9f7eae02d3ac42fbedad30006b7407c984a0eb4189a1322241a20944d61e5",
                "sha256:d4427b4a136e3b7f85516c76dd2e0756c22eec4026afb76ca1397152b0ca8145",
                "sha256:d488c5c8630f7e782e800869f82744c3aca4aca62c63232e5d8c490d3d66956a",
                "sha256:dd771a440effa1c36d3523bc6ba4e54ff5d2e54b4adcc1e060d8f3ca3721d228",
                "sha256:ed15e3a2c3c2398e6ae5ce86d6a31b452dfd6ad4cd5d312596b30929c4b6e182",
                "sha256:edbbf06cc2719889470a8d2bf5072bb00f423e12de0eb9ffec946c2c9748e149",
                "sha256:eef2a0b880ab40aca5a878933376cb6c1ec483fba72f7f34e015c0f675c90b20",
                "sha256:f7c8b8368e84381ae7c57f1f5283b029c888504aaf4949c32e6e6fb256ec9bf0",
                "sha256:ffc71111433bd6ec8607a37b9211f4ef42e3d3b271c6d76c813669834764b248"
            ],
            "markers": "python_version >= '3.6'",
            "version": "==25.0.2"
        },
        "selenium": {
            "hashes": [
                "sha256:2d7131d7bc5a5b99a2d9b04aaf2612c411b03b8ca1b1ee8d3de5845a9be2cb3c",
                "sha256:deaf32b60ad91a4611b98d8002757f29e6f2c2d5fcaf202e1c9ad06d6772300d"
            ],
            "index": "pypi",
            "version": "==3.141.0"
        },
        "six": {
            "hashes": [
                "sha256:1e61c37477a1626458e36f7b1d82aa5c9b094fa4802892072e49de9c60c4c926",
                "sha256:8abb2f1d86890a2dfb989f9a77cfcfd3e47c2a354b01111771326f8aa26e0254"
            ],
            "markers": "python_version >= '2.7' and python_version not in '3.0, 3.1, 3.2, 3.3'",
            "version": "==1.16.0"
        },
        "stack-data": {
            "hashes": [
                "sha256:32d2dd0376772d01b6cb9fc996f3c8b57a357089dec328ed4b6553d037eaf815",
                "sha256:cbb2a53eb64e5785878201a97ed7c7b94883f48b87bfb0bbe8b623c74679e4a8"
            ],
            "version": "==0.6.2"
        },
        "tornado": {
            "hashes": [
                "sha256:05615096845cf50a895026f749195bf0b10b8909f9be672f50b0fe69cba368e4",
                "sha256:0c325e66c8123c606eea33084976c832aa4e766b7dff8aedd7587ea44a604cdf",
                "sha256:29e71c847a35f6e10ca3b5c2990a52ce38b233019d8e858b755ea6ce4dcdd19d",
                "sha256:4b927c4f19b71e627b13f3db2324e4ae660527143f9e1f2e2fb404f3a187e2ba",
                "sha256:5b17b1cf5f8354efa3d37c6e28fdfd9c1c1e5122f2cb56dac121ac61baa47cbe",
                "sha256:6a0848f1aea0d196a7c4f6772197cbe2abc4266f836b0aac76947872cd29b411",
                "sha256:7efcbcc30b7c654eb6a8c9c9da787a851c18f8ccd4a5a3a95b05c7accfa068d2",
                "sha256:834ae7540ad3a83199a8da8f9f2d383e3c3d5130a328889e4cc991acc81e87a0",
                "sha256:b46a6ab20f5c7c1cb949c72c1994a4585d2eaa0be4853f50a03b5031e964fc7c",
                "sha256:c2de14066c4a38b4ecbbcd55c5cc4b5340eb04f1c5e81da7451ef555859c833f",
                "sha256:c367ab6c0393d71171123ca5515c61ff62fe09024fa6bf299cd1339dc9456829"
            ],
            "index": "pypi",
            "version": "==6.3.2"
        },
        "traitlets": {
            "hashes": [
                "sha256:9e6ec080259b9a5940c797d58b613b5e31441c2257b87c2e795c5228ae80d2d8",
                "sha256:f6cde21a9c68cf756af02035f72d5a723bf607e862e7be33ece505abf4a3bad9"
            ],
            "markers": "python_version >= '3.7'",
            "version": "==5.9.0"
        },
        "typing-extensions": {
            "hashes": [
                "sha256:06006244c70ac8ee83fa8282cb188f697b8db25bc8b4df07be1873c43897060c",
                "sha256:3a8b36f13dd5fdc5d1b16fe317f5668545de77fa0b8e02006381fd49d731ab98"
            ],
            "markers": "python_version >= '3.7'",
            "version": "==4.6.2"
        },
        "urllib3": {
            "hashes": [
                "sha256:61717a1095d7e155cdb737ac7bb2f4324a858a1e2e6466f6d03ff630ca68d3cc",
                "sha256:d055c2f9d38dc53c808f6fdc8eab7360b6fdbbde02340ed25cfbcd817c62469e"
            ],
            "markers": "python_version >= '3.7'",
            "version": "==2.0.2"
        },
        "wcwidth": {
            "hashes": [
                "sha256:795b138f6875577cd91bba52baf9e445cd5118fd32723b460e30a0af30ea230e",
                "sha256:a5220780a404dbe3353789870978e472cfe477761f06ee55077256e509b156d0"
            ],
            "version": "==0.2.6"
        },
        "yarl": {
            "hashes": [
                "sha256:04ab9d4b9f587c06d801c2abfe9317b77cdf996c65a90d5e84ecc45010823571",
                "sha256:066c163aec9d3d073dc9ffe5dd3ad05069bcb03fcaab8d221290ba99f9f69ee3",
                "sha256:13414591ff516e04fcdee8dc051c13fd3db13b673c7a4cb1350e6b2ad9639ad3",
                "sha256:149ddea5abf329752ea5051b61bd6c1d979e13fbf122d3a1f9f0c8be6cb6f63c",
                "sha256:159d81f22d7a43e6eabc36d7194cb53f2f15f498dbbfa8edc8a3239350f59fe7",
                "sha256:1b1bba902cba32cdec51fca038fd53f8beee88b77efc373968d1ed021024cc04",
                "sha256:22a94666751778629f1ec4280b08eb11815783c63f52092a5953faf73be24191",
                "sha256:2a96c19c52ff442a808c105901d0bdfd2e28575b3d5f82e2f5fd67e20dc5f4ea",
                "sha256:2b0738fb871812722a0ac2154be1f049c6223b9f6f22eec352996b69775b36d4",
                "sha256:2c315df3293cd521033533d242d15eab26583360b58f7ee5d9565f15fee1bef4",
                "sha256:32f1d071b3f362c80f1a7d322bfd7b2d11e33d2adf395cc1dd4df36c9c243095",
                "sha256:3458a24e4ea3fd8930e934c129b676c27452e4ebda80fbe47b56d8c6c7a63a9e",
                "sha256:38a3928ae37558bc1b559f67410df446d1fbfa87318b124bf5032c31e3447b74",
                "sha256:3da8a678ca8b96c8606bbb8bfacd99a12ad5dd288bc6f7979baddd62f71c63ef",
                "sha256:494053246b119b041960ddcd20fd76224149cfea8ed8777b687358727911dd33",
                "sha256:50f33040f3836e912ed16d212f6cc1efb3231a8a60526a407aeb66c1c1956dde",
                "sha256:52a25809fcbecfc63ac9ba0c0fb586f90837f5425edfd1ec9f3372b119585e45",
                "sha256:53338749febd28935d55b41bf0bcc79d634881195a39f6b2f767870b72514caf",
                "sha256:5415d5a4b080dc9612b1b63cba008db84e908b95848369aa1da3686ae27b6d2b",
                "sha256:5610f80cf43b6202e2c33ba3ec2ee0a2884f8f423c8f4f62906731d876ef4fac",
                "sha256:566185e8ebc0898b11f8026447eacd02e46226716229cea8db37496c8cdd26e0",
                "sha256:56ff08ab5df8429901ebdc5d15941b59f6253393cb5da07b4170beefcf1b2528",
                "sha256:59723a029760079b7d991a401386390c4be5bfec1e7dd83e25a6a0881859e716",
                "sha256:5fcd436ea16fee7d4207c045b1e340020e58a2597301cfbcfdbe5abd2356c2fb",
                "sha256:61016e7d582bc46a5378ffdd02cd0314fb8ba52f40f9cf4d9a5e7dbef88dee18",
                "sha256:63c48f6cef34e6319a74c727376e95626f84ea091f92c0250a98e53e62c77c72",
                "sha256:646d663eb2232d7909e6601f1a9107e66f9791f290a1b3dc7057818fe44fc2b6",
                "sha256:662e6016409828ee910f5d9602a2729a8a57d74b163c89a837de3fea050c7582",
                "sha256:674ca19cbee4a82c9f54e0d1eee28116e63bc6fd1e96c43031d11cbab8b2afd5",
                "sha256:6a5883464143ab3ae9ba68daae8e7c5c95b969462bbe42e2464d60e7e2698368",
                "sha256:6e7221580dc1db478464cfeef9b03b95c5852cc22894e418562997df0d074ccc",
                "sha256:75df5ef94c3fdc393c6b19d80e6ef1ecc9ae2f4263c09cacb178d871c02a5ba9",
                "sha256:783185c75c12a017cc345015ea359cc801c3b29a2966c2655cd12b233bf5a2be",
                "sha256:822b30a0f22e588b32d3120f6d41e4ed021806418b4c9f0bc3048b8c8cb3f92a",
                "sha256:8288d7cd28f8119b07dd49b7230d6b4562f9b61ee9a4ab02221060d21136be80",
                "sha256:82aa6264b36c50acfb2424ad5ca537a2060ab6de158a5bd2a72a032cc75b9eb8",
                "sha256:832b7e711027c114d79dffb92576acd1bd2decc467dec60e1cac96912602d0e6",
                "sha256:838162460b3a08987546e881a2bfa573960bb559dfa739e7800ceeec92e64417",
                "sha256:83fcc480d7549ccebe9415d96d9263e2d4226798c37ebd18c930fce43dfb9574",
                "sha256:84e0b1599334b1e1478db01b756e55937d4614f8654311eb26012091be109d59",
                "sha256:891c0e3ec5ec881541f6c5113d8df0315ce5440e244a716b95f2525b7b9f3608",
                "sha256:8c2ad583743d16ddbdf6bb14b5cd76bf43b0d0006e918809d5d4ddf7bde8dd82",
                "sha256:8c56986609b057b4839968ba901944af91b8e92f1725d1a2d77cbac6972b9ed1",
                "sha256:8ea48e0a2f931064469bdabca50c2f578b565fc446f302a79ba6cc0ee7f384d3",
                "sha256:8ec53a0ea2a80c5cd1ab397925f94bff59222aa3cf9c6da938ce05c9ec20428d",
                "sha256:95d2ecefbcf4e744ea952d073c6922e72ee650ffc79028eb1e320e732898d7e8",
                "sha256:9b3152f2f5677b997ae6c804b73da05a39daa6a9e85a512e0e6823d81cdad7cc",
                "sha256:9bf345c3a4f5ba7f766430f97f9cc1320786f19584acc7086491f45524a551ac",
                "sha256:a60347f234c2212a9f0361955007fcf4033a75bf600a33c88a0a8e91af77c0e8",
                "sha256:a74dcbfe780e62f4b5a062714576f16c2f3493a0394e555ab141bf0d746bb955",
                "sha256:a83503934c6273806aed765035716216cc9ab4e0364f7f066227e1aaea90b8d0",
                "sha256:ac9bb4c5ce3975aeac288cfcb5061ce60e0d14d92209e780c93954076c7c4367",
                "sha256:aff634b15beff8902d1f918012fc2a42e0dbae6f469fce134c8a0dc51ca423bb",
                "sha256:b03917871bf859a81ccb180c9a2e6c1e04d2f6a51d953e6a5cdd70c93d4e5a2a",
                "sha256:b124e2a6d223b65ba8768d5706d103280914d61f5cae3afbc50fc3dfcc016623",
                "sha256:b25322201585c69abc7b0e89e72790469f7dad90d26754717f3310bfe30331c2",
                "sha256:b7232f8dfbd225d57340e441d8caf8652a6acd06b389ea2d3222b8bc89cbfca6",
                "sha256:b8cc1863402472f16c600e3e93d542b7e7542a540f95c30afd472e8e549fc3f7",
                "sha256:b9a4e67ad7b646cd6f0938c7ebfd60e481b7410f574c560e455e938d2da8e0f4",
                "sha256:be6b3fdec5c62f2a67cb3f8c6dbf56bbf3f61c0f046f84645cd1ca73532ea051",
                "sha256:bf74d08542c3a9ea97bb8f343d4fcbd4d8f91bba5ec9d5d7f792dbe727f88938",
                "sha256:c027a6e96ef77d401d8d5a5c8d6bc478e8042f1e448272e8d9752cb0aff8b5c8",
                "sha256:c0c77533b5ed4bcc38e943178ccae29b9bcf48ffd1063f5821192f23a1bd27b9",
                "sha256:c1012fa63eb6c032f3ce5d2171c267992ae0c00b9e164efe4d73db818465fac3",
                "sha256:c3a53ba34a636a256d767c086ceb111358876e1fb6b50dfc4d3f4951d40133d5",
                "sha256:d4e2c6d555e77b37288eaf45b8f60f0737c9efa3452c6c44626a5455aeb250b9",
                "sha256:de119f56f3c5f0e2fb4dee508531a32b069a5f2c6e827b272d1e0ff5ac040333",
                "sha256:e65610c5792870d45d7b68c677681376fcf9cc1c289f23e8e8b39c1485384185",
                "sha256:e9fdc7ac0d42bc3ea78818557fab03af6181e076a2944f43c38684b4b6bed8e3",
                "sha256:ee4afac41415d52d53a9833ebae7e32b344be72835bbb589018c9e938045a560",
                "sha256:f364d3480bffd3aa566e886587eaca7c8c04d74f6e8933f3f2c996b7f09bee1b",
                "sha256:f3b078dbe227f79be488ffcfc7a9edb3409d018e0952cf13f15fd6512847f3f7",
                "sha256:f4e2d08f07a3d7d3e12549052eb5ad3eab1c349c53ac51c209a0e5991bbada78",
                "sha256:f7a3d8146575e08c29ed1cd287068e6d02f1c7bdff8970db96683b9591b86ee7"
            ],
            "markers": "python_version >= '3.7'",
            "version": "==1.9.2"
        },
        "zipp": {
            "hashes": [
                "sha256:112929ad649da941c23de50f356a2b5570c954b65150642bccdd66bf194d224b",
                "sha256:48904fc76a60e542af151aded95726c1a5c34ed43ab4134b597665c86d7ad556"
            ],
            "markers": "python_version >= '3.7'",
            "version": "==3.15.0"
        }
    },
    "develop": {
        "astroid": {
            "hashes": [
                "sha256:87ae7f2398b8a0ae5638ddecf9987f081b756e0e9fc071aeebdca525671fc4dc",
                "sha256:b31c92f545517dcc452f284bc9c044050862fbe6d93d2b3de4a215a6b384bf0d"
            ],
            "markers": "python_version >= '3.6'",
            "version": "==2.5"
        },
        "isort": {
            "hashes": [
                "sha256:8bef7dde241278824a6d83f44a544709b065191b95b6e50894bdc722fcba0504",
                "sha256:f84c2818376e66cf843d497486ea8fed8700b340f308f076c6fb1229dff318b6"
            ],
            "markers": "python_full_version >= '3.8.0'",
            "version": "==5.12.0"
        },
        "lazy-object-proxy": {
            "hashes": [
                "sha256:09763491ce220c0299688940f8dc2c5d05fd1f45af1e42e636b2e8b2303e4382",
                "sha256:0a891e4e41b54fd5b8313b96399f8b0e173bbbfc03c7631f01efbe29bb0bcf82",
                "sha256:189bbd5d41ae7a498397287c408617fe5c48633e7755287b21d741f7db2706a9",
                "sha256:18b78ec83edbbeb69efdc0e9c1cb41a3b1b1ed11ddd8ded602464c3fc6020494",
                "sha256:1aa3de4088c89a1b69f8ec0dcc169aa725b0ff017899ac568fe44ddc1396df46",
                "sha256:212774e4dfa851e74d393a2370871e174d7ff0ebc980907723bb67d25c8a7c30",
                "sha256:2d0daa332786cf3bb49e10dc6a17a52f6a8f9601b4cf5c295a4f85854d61de63",
                "sha256:5f83ac4d83ef0ab017683d715ed356e30dd48a93746309c8f3517e1287523ef4",
                "sha256:659fb5809fa4629b8a1ac5106f669cfc7bef26fbb389dda53b3e010d1ac4ebae",
                "sha256:660c94ea760b3ce47d1855a30984c78327500493d396eac4dfd8bd82041b22be",
                "sha256:66a3de4a3ec06cd8af3f61b8e1ec67614fbb7c995d02fa224813cb7afefee701",
                "sha256:721532711daa7db0d8b779b0bb0318fa87af1c10d7fe5e52ef30f8eff254d0cd",
                "sha256:7322c3d6f1766d4ef1e51a465f47955f1e8123caee67dd641e67d539a534d006",
                "sha256:79a31b086e7e68b24b99b23d57723ef7e2c6d81ed21007b6281ebcd1688acb0a",
                "sha256:81fc4d08b062b535d95c9ea70dbe8a335c45c04029878e62d744bdced5141586",
                "sha256:8fa02eaab317b1e9e03f69aab1f91e120e7899b392c4fc19807a8278a07a97e8",
                "sha256:9090d8e53235aa280fc9239a86ae3ea8ac58eff66a705fa6aa2ec4968b95c821",
                "sha256:946d27deaff6cf8452ed0dba83ba38839a87f4f7a9732e8f9fd4107b21e6ff07",
                "sha256:9990d8e71b9f6488e91ad25f322898c136b008d87bf852ff65391b004da5e17b",
                "sha256:9cd077f3d04a58e83d04b20e334f678c2b0ff9879b9375ed107d5d07ff160171",
                "sha256:9e7551208b2aded9c1447453ee366f1c4070602b3d932ace044715d89666899b",
                "sha256:9f5fa4a61ce2438267163891961cfd5e32ec97a2c444e5b842d574251ade27d2",
                "sha256:b40387277b0ed2d0602b8293b94d7257e17d1479e257b4de114ea11a8cb7f2d7",
                "sha256:bfb38f9ffb53b942f2b5954e0f610f1e721ccebe9cce9025a38c8ccf4a5183a4",
                "sha256:cbf9b082426036e19c6924a9ce90c740a9861e2bdc27a4834fd0a910742ac1e8",
                "sha256:d9e25ef10a39e8afe59a5c348a4dbf29b4868ab76269f81ce1674494e2565a6e",
                "sha256:db1c1722726f47e10e0b5fdbf15ac3b8adb58c091d12b3ab713965795036985f",
                "sha256:e7c21c95cae3c05c14aafffe2865bbd5e377cfc1348c4f7751d9dc9a48ca4bda",
                "sha256:e8c6cfb338b133fbdbc5cfaa10fe3c6aeea827db80c978dbd13bc9dd8526b7d4",
                "sha256:ea806fd4c37bf7e7ad82537b0757999264d5f70c45468447bb2b91afdbe73a6e",
                "sha256:edd20c5a55acb67c7ed471fa2b5fb66cb17f61430b7a6b9c3b4a1e40293b1671",
                "sha256:f0117049dd1d5635bbff65444496c90e0baa48ea405125c088e93d9cf4525b11",
                "sha256:f0705c376533ed2a9e5e97aacdbfe04cecd71e0aa84c7c0595d02ef93b6e4455",
                "sha256:f12ad7126ae0c98d601a7ee504c1122bcef553d1d5e0c3bfa77b16b3968d2734",
                "sha256:f2457189d8257dd41ae9b434ba33298aec198e30adf2dcdaaa3a28b9994f6adb",
                "sha256:f699ac1c768270c9e384e4cbd268d6e67aebcfae6cd623b4d7c3bfde5a35db59"
            ],
            "markers": "python_version >= '3.7'",
            "version": "==1.9.0"
        },
        "mccabe": {
            "hashes": [
                "sha256:ab8a6258860da4b6677da4bd2fe5dc2c659cff31b3ee4f7f5d64e79735b80d42",
                "sha256:dd8d182285a0fe56bace7f45b5e7d1a6ebcbf524e8f3bd87eb0f125271b8831f"
            ],
            "version": "==0.6.1"
        },
        "pylint": {
            "hashes": [
                "sha256:bb4a908c9dadbc3aac18860550e870f58e1a02c9f2c204fdf5693d73be061210",
                "sha256:bfe68f020f8a0fece830a22dd4d5dddb4ecc6137db04face4c3420a46a52239f"
            ],
            "index": "pypi",
            "version": "==2.6.0"
        },
        "toml": {
            "hashes": [
                "sha256:806143ae5bfb6a3c6e736a764057db0e6a0e05e338b5630894a5f779cabb4f9b",
                "sha256:b3bda1d108d5dd99f4a20d24d9c348e91c4db7ab1b749200bded2f839ccbe68f"
            ],
            "markers": "python_version >= '2.6' and python_version not in '3.0, 3.1, 3.2, 3.3'",
            "version": "==0.10.2"
        },
        "wrapt": {
            "hashes": [
                "sha256:b62ffa81fb85f4332a4f609cab4ac40709470da05643a082ec1eb88e6d9b97d7"
            ],
            "version": "==1.12.1"
        }
    }
}
